{
  "requires": true,
  "lockfileVersion": 1,
  "dependencies": {
    "ngx-twitter-timeline": {
      "version": "0.1.4",
      "resolved": "https://registry.npmjs.org/ngx-twitter-timeline/-/ngx-twitter-timeline-0.1.4.tgz",
      "integrity": "sha512-FhBRMNPu3HdPteUw8hGbHL0pXPNQjhVuPYxtkNumo32NI+IK9z3nKpvzYuiyXpfMUG9/yD0VfJIl/x5nP2Mupg=="
    }
  }
}
